
Microsoft Visual Studio Solution File, Format Version 12.00
# Visual Studio Version 17
VisualStudioVersion = 17.2.32526.322
MinimumVisualStudioVersion = 10.0.40219.1
Project("{FAE04EC0-301F-11D3-BF4B-00C04F79EFBC}") = "ConsoleApp3", "ConsoleApp3\ConsoleApp3.csproj", "{C4004480-B0CF-4C2D-80A4-D23A0BAFF3B9}"
EndProject
Global
	GlobalSection(SolutionConfigurationPlatforms) = preSolution
		Debug|Any CPU = Debug|Any CPU
		Release|Any CPU = Release|Any CPU
	EndGlobalSection
	GlobalSection(ProjectConfigurationPlatforms) = postSolution
		{C4004480-B0CF-4C2D-80A4-D23A0BAFF3B9}.Debug|Any CPU.ActiveCfg = Debug|Any CPU
		{C4004480-B0CF-4C2D-80A4-D23A0BAFF3B9}.Debug|Any CPU.Build.0 = Debug|Any CPU
		{C4004480-B0CF-4C2D-80A4-D23A0BAFF3B9}.Release|Any CPU.ActiveCfg = Release|Any CPU
		{C4004480-B0CF-4C2D-80A4-D23A0BAFF3B9}.Release|Any CPU.Build.0 = Release|Any CPU
	EndGlobalSection
	GlobalSection(SolutionProperties) = preSolution
		HideSolutionNode = FALSE
	EndGlobalSection
	GlobalSection(ExtensibilityGlobals) = postSolution
		SolutionGuid = {DBAB3D69-A0B2-4844-B9AC-E09F07A16C86}
	EndGlobalSection
EndGlobal
